
Microsoft Visual Studio Solution File, Format Version 12.00
# Visual Studio Version 17
VisualStudioVersion = 17.13.35931.197 d17.13
MinimumVisualStudioVersion = 10.0.40219.1
Project("{D2ABAB84-BF74-430A-B69E-9DC6D40DDA17}") = "Multi1", "Multi1\Multi1.dwproj", "{869A3278-FD94-D0B7-F000-76286C415591}"
EndProject
Global
	GlobalSection(SolutionConfigurationPlatforms) = preSolution
		Development|Default = Development|Default
	EndGlobalSection
	GlobalSection(ProjectConfigurationPlatforms) = postSolution
		{869A3278-FD94-D0B7-F000-76286C415591}.Development|Default.ActiveCfg = Development
		{869A3278-FD94-D0B7-F000-76286C415591}.Development|Default.Build.0 = Development
		{869A3278-FD94-D0B7-F000-76286C415591}.Development|Default.Deploy.0 = Development
	EndGlobalSection
	GlobalSection(SolutionProperties) = preSolution
		HideSolutionNode = FALSE
	EndGlobalSection
	GlobalSection(ExtensibilityGlobals) = postSolution
		SolutionGuid = {8BD789EC-4C0F-44C1-8B6A-EE03BE699BC9}
	EndGlobalSection
EndGlobal
